
Microsoft Visual Studio Solution File, Format Version 12.00
# Visual Studio Version 16
VisualStudioVersion = 16.0.30611.23
MinimumVisualStudioVersion = 10.0.40219.1
Project("{FAE04EC0-301F-11D3-BF4B-00C04F79EFBC}") = "ConsoleAppAtm", "ConsoleAppAtm\ConsoleAppAtm.csproj", "{57A095CC-AF97-4C33-94E9-955DDEA024D4}"
EndProject
Project("{FAE04EC0-301F-11D3-BF4B-00C04F79EFBC}") = "ConsoleAppAtm.Tests", "ConsoleAppAtm.Tests\ConsoleAppAtm.Tests.csproj", "{F79A3898-F04F-49C3-8D1C-32F8A79D6D53}"
EndProject
Global
	GlobalSection(SolutionConfigurationPlatforms) = preSolution
		Debug|Any CPU = Debug|Any CPU
		Release|Any CPU = Release|Any CPU
	EndGlobalSection
	GlobalSection(ProjectConfigurationPlatforms) = postSolution
		{57A095CC-AF97-4C33-94E9-955DDEA024D4}.Debug|Any CPU.ActiveCfg = Debug|Any CPU
		{57A095CC-AF97-4C33-94E9-955DDEA024D4}.Debug|Any CPU.Build.0 = Debug|Any CPU
		{57A095CC-AF97-4C33-94E9-955DDEA024D4}.Release|Any CPU.ActiveCfg = Release|Any CPU
		{57A095CC-AF97-4C33-94E9-955DDEA024D4}.Release|Any CPU.Build.0 = Release|Any CPU
		{F79A3898-F04F-49C3-8D1C-32F8A79D6D53}.Debug|Any CPU.ActiveCfg = Debug|Any CPU
		{F79A3898-F04F-49C3-8D1C-32F8A79D6D53}.Debug|Any CPU.Build.0 = Debug|Any CPU
		{F79A3898-F04F-49C3-8D1C-32F8A79D6D53}.Release|Any CPU.ActiveCfg = Release|Any CPU
		{F79A3898-F04F-49C3-8D1C-32F8A79D6D53}.Release|Any CPU.Build.0 = Release|Any CPU
	EndGlobalSection
	GlobalSection(SolutionProperties) = preSolution
		HideSolutionNode = FALSE
	EndGlobalSection
	GlobalSection(ExtensibilityGlobals) = postSolution
		SolutionGuid = {3AFD3399-60B4-497A-9EA6-DEFAB4B8812D}
	EndGlobalSection
EndGlobal
